
Microsoft Visual Studio Solution File, Format Version 12.00
# Visual Studio Version 17
VisualStudioVersion = 17.14.36915.13 d17.14
MinimumVisualStudioVersion = 10.0.40219.1
Project("{FAE04EC0-301F-11D3-BF4B-00C04F79EFBC}") = "AngelAsherElisabeth-Project1", "AngelAsherElisabeth-Project1.csproj", "{0C0F2B10-E44F-44FD-9FE3-7AC7F514FC02}"
EndProject
Global
	GlobalSection(SolutionConfigurationPlatforms) = preSolution
		Debug|Any CPU = Debug|Any CPU
		Release|Any CPU = Release|Any CPU
	EndGlobalSection
	GlobalSection(ProjectConfigurationPlatforms) = postSolution
		{0C0F2B10-E44F-44FD-9FE3-7AC7F514FC02}.Debug|Any CPU.ActiveCfg = Debug|Any CPU
		{0C0F2B10-E44F-44FD-9FE3-7AC7F514FC02}.Debug|Any CPU.Build.0 = Debug|Any CPU
		{0C0F2B10-E44F-44FD-9FE3-7AC7F514FC02}.Release|Any CPU.ActiveCfg = Release|Any CPU
		{0C0F2B10-E44F-44FD-9FE3-7AC7F514FC02}.Release|Any CPU.Build.0 = Release|Any CPU
	EndGlobalSection
	GlobalSection(SolutionProperties) = preSolution
		HideSolutionNode = FALSE
	EndGlobalSection
	GlobalSection(ExtensibilityGlobals) = postSolution
		SolutionGuid = {2B98DC46-DD0A-4A30-88A5-35477918347E}
	EndGlobalSection
EndGlobal
